
Microsoft Visual Studio Solution File, Format Version 12.00
# Visual Studio Version 17
VisualStudioVersion = 17.8.34330.188
MinimumVisualStudioVersion = 10.0.40219.1
Project("{FAE04EC0-301F-11D3-BF4B-00C04F79EFBC}") = "BotMarketplace.Web", "BotMarkeplace.Web\BotMarketplace.Web.csproj", "{506F8C74-4C78-4DE2-BCFF-CC154869086A}"
EndProject
Project("{FAE04EC0-301F-11D3-BF4B-00C04F79EFBC}") = "BotMarketplace.Core", "BotMarketplace.Core\BotMarketplace.Core.csproj", "{6FA23F0E-385C-4115-A9D7-581B1D52E5F2}"
EndProject
Project("{FAE04EC0-301F-11D3-BF4B-00C04F79EFBC}") = "BotMarketplace.Services", "BotMarketplace.Services\BotMarketplace.Services.csproj", "{6652DFED-0AD0-4757-89AC-C2351E240E6E}"
EndProject
Project("{FAE04EC0-301F-11D3-BF4B-00C04F79EFBC}") = "BotMarketplace.Infrastructure", "BotMarketplace.Infrastructure\BotMarketplace.Infrastructure.csproj", "{C6DA466A-106E-4B0C-AE64-991C0F486C0C}"
EndProject
Project("{FAE04EC0-301F-11D3-BF4B-00C04F79EFBC}") = "BotMarketplace.Common", "BotMarketplace.Common\BotMarketplace.Common.csproj", "{683C1D11-2487-448C-AAD4-8400B1427AD9}"
EndProject
Project("{FAE04EC0-301F-11D3-BF4B-00C04F79EFBC}") = "BotMarketplace.Tests", "BotMarketplace.Tests\BotMarketplace.Tests.csproj", "{F0BB3124-F7F4-4B9E-AF83-901CF020FED2}"
EndProject
Project("{FAE04EC0-301F-11D3-BF4B-00C04F79EFBC}") = "BotMarketplace.API", "BotMarketplace.API\BotMarketplace.API.csproj", "{E5A0770F-AE30-41A0-8676-5DA603C61370}"
EndProject
Global
	GlobalSection(SolutionConfigurationPlatforms) = preSolution
		Debug|Any CPU = Debug|Any CPU
		Release|Any CPU = Release|Any CPU
	EndGlobalSection
	GlobalSection(ProjectConfigurationPlatforms) = postSolution
		{506F8C74-4C78-4DE2-BCFF-CC154869086A}.Debug|Any CPU.ActiveCfg = Debug|Any CPU
		{506F8C74-4C78-4DE2-BCFF-CC154869086A}.Debug|Any CPU.Build.0 = Debug|Any CPU
		{506F8C74-4C78-4DE2-BCFF-CC154869086A}.Release|Any CPU.ActiveCfg = Release|Any CPU
		{506F8C74-4C78-4DE2-BCFF-CC154869086A}.Release|Any CPU.Build.0 = Release|Any CPU
		{6FA23F0E-385C-4115-A9D7-581B1D52E5F2}.Debug|Any CPU.ActiveCfg = Debug|Any CPU
		{6FA23F0E-385C-4115-A9D7-581B1D52E5F2}.Debug|Any CPU.Build.0 = Debug|Any CPU
		{6FA23F0E-385C-4115-A9D7-581B1D52E5F2}.Release|Any CPU.ActiveCfg = Release|Any CPU
		{6FA23F0E-385C-4115-A9D7-581B1D52E5F2}.Release|Any CPU.Build.0 = Release|Any CPU
		{6652DFED-0AD0-4757-89AC-C2351E240E6E}.Debug|Any CPU.ActiveCfg = Debug|Any CPU
		{6652DFED-0AD0-4757-89AC-C2351E240E6E}.Debug|Any CPU.Build.0 = Debug|Any CPU
		{6652DFED-0AD0-4757-89AC-C2351E240E6E}.Release|Any CPU.ActiveCfg = Release|Any CPU
		{6652DFED-0AD0-4757-89AC-C2351E240E6E}.Release|Any CPU.Build.0 = Release|Any CPU
		{C6DA466A-106E-4B0C-AE64-991C0F486C0C}.Debug|Any CPU.ActiveCfg = Debug|Any CPU
		{C6DA466A-106E-4B0C-AE64-991C0F486C0C}.Debug|Any CPU.Build.0 = Debug|Any CPU
		{C6DA466A-106E-4B0C-AE64-991C0F486C0C}.Release|Any CPU.ActiveCfg = Release|Any CPU
		{C6DA466A-106E-4B0C-AE64-991C0F486C0C}.Release|Any CPU.Build.0 = Release|Any CPU
		{683C1D11-2487-448C-AAD4-8400B1427AD9}.Debug|Any CPU.ActiveCfg = Debug|Any CPU
		{683C1D11-2487-448C-AAD4-8400B1427AD9}.Debug|Any CPU.Build.0 = Debug|Any CPU
		{683C1D11-2487-448C-AAD4-8400B1427AD9}.Release|Any CPU.ActiveCfg = Release|Any CPU
		{683C1D11-2487-448C-AAD4-8400B1427AD9}.Release|Any CPU.Build.0 = Release|Any CPU
		{F0BB3124-F7F4-4B9E-AF83-901CF020FED2}.Debug|Any CPU.ActiveCfg = Debug|Any CPU
		{F0BB3124-F7F4-4B9E-AF83-901CF020FED2}.Debug|Any CPU.Build.0 = Debug|Any CPU
		{F0BB3124-F7F4-4B9E-AF83-901CF020FED2}.Release|Any CPU.ActiveCfg = Release|Any CPU
		{F0BB3124-F7F4-4B9E-AF83-901CF020FED2}.Release|Any CPU.Build.0 = Release|Any CPU
		{E5A0770F-AE30-41A0-8676-5DA603C61370}.Debug|Any CPU.ActiveCfg = Debug|Any CPU
		{E5A0770F-AE30-41A0-8676-5DA603C61370}.Debug|Any CPU.Build.0 = Debug|Any CPU
		{E5A0770F-AE30-41A0-8676-5DA603C61370}.Release|Any CPU.ActiveCfg = Release|Any CPU
		{E5A0770F-AE30-41A0-8676-5DA603C61370}.Release|Any CPU.Build.0 = Release|Any CPU
	EndGlobalSection
	GlobalSection(SolutionProperties) = preSolution
		HideSolutionNode = FALSE
	EndGlobalSection
	GlobalSection(ExtensibilityGlobals) = postSolution
		SolutionGuid = {FC6FC521-37C9-4F4B-889B-8CE2655563BF}
	EndGlobalSection
EndGlobal
